
Microsoft Visual Studio Solution File, Format Version 12.00
# Visual Studio Express 2013 for Windows Desktop
VisualStudioVersion = 12.0.40629.0
MinimumVisualStudioVersion = 10.0.40219.1
Project("{FAE04EC0-301F-11D3-BF4B-00C04F79EFBC}") = "oop-w15", "oop-w15\oop-w15.csproj", "{11A46B12-899A-420E-BAD8-307B9B9BA612}"
EndProject
Global
	GlobalSection(SolutionConfigurationPlatforms) = preSolution
		Debug|Any CPU = Debug|Any CPU
		Release|Any CPU = Release|Any CPU
	EndGlobalSection
	GlobalSection(ProjectConfigurationPlatforms) = postSolution
		{11A46B12-899A-420E-BAD8-307B9B9BA612}.Debug|Any CPU.ActiveCfg = Debug|Any CPU
		{11A46B12-899A-420E-BAD8-307B9B9BA612}.Debug|Any CPU.Build.0 = Debug|Any CPU
		{11A46B12-899A-420E-BAD8-307B9B9BA612}.Release|Any CPU.ActiveCfg = Release|Any CPU
		{11A46B12-899A-420E-BAD8-307B9B9BA612}.Release|Any CPU.Build.0 = Release|Any CPU
	EndGlobalSection
	GlobalSection(SolutionProperties) = preSolution
		HideSolutionNode = FALSE
	EndGlobalSection
EndGlobal
